<Solution>
  <Folder Name="/Dashboards/">
    <File Path="../Dashboards/docker-compose.yml" />
    <File Path="../Dashboards/prometheus.yml" />
    <Folder Name="/Dashboards/Grafana Dashboards/">
      <File Path="../Dashboards/Grafana Dashboards/agentFramework.json" />
      <File Path="../Dashboards/Grafana Dashboards/tokenUsage.json" />
      <File Path="../Dashboards/Grafana Dashboards/toolExecution.json" />
      <File Path="../Dashboards/Grafana Dashboards/contentSafety.json" />
      <File Path="../Dashboards/Grafana Dashboards/missionControl.json" />
      <File Path="../Dashboards/Grafana Dashboards/costAnalytics.json" />
    </Folder>
  </Folder>
  <Folder Name="/Solution Items/">
    <File Path="../README.md" />
    <File Path="../CLAUDE.md" />
    <File Path="../.gitignore" />
    <File Path=".editorconfig" />
    <File Path=".gitattributes" />
    <File Path="Directory.Build.props" />
    <File Path="Directory.Packages.props" />
  </Folder>
  <Folder Name="/Domain/">
    <Project Path="Content/Domain/Domain.AI/Domain.AI.csproj">
      <BuildType Solution="Debug-AgentHub-All|*" Project="Debug" />
      <BuildType Solution="Debug-AgentHub-Dashboard|*" Project="Debug" />
      <BuildType Solution="Debug-AgentHub-WebUI|*" Project="Debug" />
    </Project>
    <Project Path="Content/Domain/Domain.Common/Domain.Common.csproj">
      <BuildType Solution="Debug-AgentHub-All|*" Project="Debug" />
      <BuildType Solution="Debug-AgentHub-Dashboard|*" Project="Debug" />
      <BuildType Solution="Debug-AgentHub-WebUI|*" Project="Debug" />
    </Project>
  </Folder>
  <Configurations>
    <BuildType Name="Debug" />
    <BuildType Name="Debug-AgentHub-All" />
    <BuildType Name="Debug-AgentHub-Dashboard" />
    <BuildType Name="Debug-AgentHub-WebUI" />
    <BuildType Name="Release" />
  </Configurations>
  <Folder Name="/Application/">
    <Project Path="Content/Application/Application.AI.Common/Application.AI.Common.csproj">
      <BuildType Solution="Debug-AgentHub-All|*" Project="Debug" />
      <BuildType Solution="Debug-AgentHub-Dashboard|*" Project="Debug" />
      <BuildType Solution="Debug-AgentHub-WebUI|*" Project="Debug" />
    </Project>
    <Project Path="Content/Application/Application.Common/Application.Common.csproj">
      <BuildType Solution="Debug-AgentHub-All|*" Project="Debug" />
      <BuildType Solution="Debug-AgentHub-Dashboard|*" Project="Debug" />
      <BuildType Solution="Debug-AgentHub-WebUI|*" Project="Debug" />
    </Project>
    <Project Path="Content/Application/Application.Core/Application.Core.csproj">
      <BuildType Solution="Debug-AgentHub-All|*" Project="Debug" />
      <BuildType Solution="Debug-AgentHub-Dashboard|*" Project="Debug" />
      <BuildType Solution="Debug-AgentHub-WebUI|*" Project="Debug" />
    </Project>
  </Folder>
  <Folder Name="/Infrastructure/">
    <Project Path="Content/Infrastructure/Infrastructure.AI.Governance/Infrastructure.AI.Governance.csproj">
      <BuildType Solution="Debug-AgentHub-All|*" Project="Debug" />
      <BuildType Solution="Debug-AgentHub-Dashboard|*" Project="Debug" />
      <BuildType Solution="Debug-AgentHub-WebUI|*" Project="Debug" />
    </Project>
    <Project Path="Content/Infrastructure/Infrastructure.AI.Connectors/Infrastructure.AI.Connectors.csproj">
      <BuildType Solution="Debug-AgentHub-All|*" Project="Debug" />
      <BuildType Solution="Debug-AgentHub-Dashboard|*" Project="Debug" />
      <BuildType Solution="Debug-AgentHub-WebUI|*" Project="Debug" />
    </Project>
    <Project Path="Content/Infrastructure/Infrastructure.AI.Evaluation/Infrastructure.AI.Evaluation.csproj">
      <BuildType Solution="Debug-AgentHub-All|*" Project="Debug" />
      <BuildType Solution="Debug-AgentHub-Dashboard|*" Project="Debug" />
      <BuildType Solution="Debug-AgentHub-WebUI|*" Project="Debug" />
    </Project>
    <Project Path="Content/Infrastructure/Infrastructure.AI.KnowledgeGraph/Infrastructure.AI.KnowledgeGraph.csproj">
      <BuildType Solution="Debug-AgentHub-All|*" Project="Debug" />
      <BuildType Solution="Debug-AgentHub-Dashboard|*" Project="Debug" />
      <BuildType Solution="Debug-AgentHub-WebUI|*" Project="Debug" />
    </Project>
    <Project Path="Content/Infrastructure/Infrastructure.AI.MCP/Infrastructure.AI.MCP.csproj">
      <BuildType Solution="Debug-AgentHub-All|*" Project="Debug" />
      <BuildType Solution="Debug-AgentHub-Dashboard|*" Project="Debug" />
      <BuildType Solution="Debug-AgentHub-WebUI|*" Project="Debug" />
    </Project>
    <Project Path="Content/Infrastructure/Infrastructure.AI.MCPServer/Infrastructure.AI.MCPServer.csproj">
      <BuildType Solution="Debug-AgentHub-All|*" Project="Debug" />
      <BuildType Solution="Debug-AgentHub-Dashboard|*" Project="Debug" />
      <BuildType Solution="Debug-AgentHub-WebUI|*" Project="Debug" />
    </Project>
    <Project Path="Content/Infrastructure/Infrastructure.AI.RAG/Infrastructure.AI.RAG.csproj">
      <BuildType Solution="Debug-AgentHub-All|*" Project="Debug" />
      <BuildType Solution="Debug-AgentHub-Dashboard|*" Project="Debug" />
      <BuildType Solution="Debug-AgentHub-WebUI|*" Project="Debug" />
    </Project>
    <Project Path="Content/Infrastructure/Infrastructure.AI/Infrastructure.AI.csproj">
      <BuildType Solution="Debug-AgentHub-All|*" Project="Debug" />
      <BuildType Solution="Debug-AgentHub-Dashboard|*" Project="Debug" />
      <BuildType Solution="Debug-AgentHub-WebUI|*" Project="Debug" />
    </Project>
    <Project Path="Content/Infrastructure/Infrastructure.APIAccess/Infrastructure.APIAccess.csproj">
      <BuildType Solution="Debug-AgentHub-All|*" Project="Debug" />
      <BuildType Solution="Debug-AgentHub-Dashboard|*" Project="Debug" />
      <BuildType Solution="Debug-AgentHub-WebUI|*" Project="Debug" />
    </Project>
    <Project Path="Content/Infrastructure/Infrastructure.Common/Infrastructure.Common.csproj">
      <BuildType Solution="Debug-AgentHub-All|*" Project="Debug" />
      <BuildType Solution="Debug-AgentHub-Dashboard|*" Project="Debug" />
      <BuildType Solution="Debug-AgentHub-WebUI|*" Project="Debug" />
    </Project>
    <Project Path="Content/Infrastructure/Infrastructure.Observability/Infrastructure.Observability.csproj">
      <BuildType Solution="Debug-AgentHub-All|*" Project="Debug" />
      <BuildType Solution="Debug-AgentHub-Dashboard|*" Project="Debug" />
      <BuildType Solution="Debug-AgentHub-WebUI|*" Project="Debug" />
    </Project>
  </Folder>
  <Folder Name="/Presentation/">
    <Project Path="Content/Presentation/Presentation.AgentHub/Presentation.AgentHub.csproj">
      <BuildType Solution="Debug-AgentHub-Dashboard|*" Project="Debug-Dashboard" />
      <BuildType Solution="Debug-AgentHub-WebUI|*" Project="Debug-WebUI" />
    </Project>
    <Project Path="Content/Presentation/Presentation.Common/Presentation.Common.csproj">
      <BuildType Solution="Debug-AgentHub-All|*" Project="Debug" />
      <BuildType Solution="Debug-AgentHub-Dashboard|*" Project="Debug" />
      <BuildType Solution="Debug-AgentHub-WebUI|*" Project="Debug" />
    </Project>
    <Project Path="Content/Presentation/Presentation.ConsoleUI/Presentation.ConsoleUI.csproj">
      <BuildType Solution="Debug-AgentHub-All|*" Project="Debug" />
      <BuildType Solution="Debug-AgentHub-Dashboard|*" Project="Debug" />
      <BuildType Solution="Debug-AgentHub-WebUI|*" Project="Debug" />
    </Project>
    <Project Path="Content/Presentation/Presentation.EvalRunner/Presentation.EvalRunner.csproj">
      <BuildType Solution="Debug-AgentHub-All|*" Project="Debug" />
      <BuildType Solution="Debug-AgentHub-Dashboard|*" Project="Debug" />
      <BuildType Solution="Debug-AgentHub-WebUI|*" Project="Debug" />
    </Project>
    <Project Path="Content/Presentation/Presentation.FoundryHost/Presentation.FoundryHost.csproj">
      <BuildType Solution="Debug-AgentHub-All|*" Project="Debug" />
      <BuildType Solution="Debug-AgentHub-Dashboard|*" Project="Debug" />
      <BuildType Solution="Debug-AgentHub-WebUI|*" Project="Debug" />
    </Project>
    <Project Path="Content/Presentation/Presentation.Dashboard/Presentation.Dashboard.esproj">
      <BuildType Solution="Debug-AgentHub-All|*" Project="Debug" />
      <BuildType Solution="Debug-AgentHub-Dashboard|*" Project="Debug" />
      <BuildType Solution="Debug-AgentHub-WebUI|*" Project="Debug" />
      <Build />
      <Deploy Solution="Debug-AgentHub-All|*" />
      <Deploy Solution="Debug-AgentHub-Dashboard|*" />
      <Deploy Solution="Debug-AgentHub-WebUI|*" />
      <Deploy Solution="Release|*" />
    </Project>
    <Project Path="Content/Presentation/Presentation.LoggerUI/Presentation.LoggerUI.csproj">
      <BuildType Solution="Debug-AgentHub-All|*" Project="Debug" />
      <BuildType Solution="Debug-AgentHub-Dashboard|*" Project="Debug" />
      <BuildType Solution="Debug-AgentHub-WebUI|*" Project="Debug" />
    </Project>
    <Project Path="Content/Presentation/Presentation.WebUI/Presentation.WebUI.esproj">
      <BuildType Solution="Debug-AgentHub-All|*" Project="Debug" />
      <BuildType Solution="Debug-AgentHub-Dashboard|*" Project="Debug" />
      <BuildType Solution="Debug-AgentHub-WebUI|*" Project="Debug" />
      <Build />
      <Deploy Solution="Debug-AgentHub-All|*" />
      <Deploy Solution="Debug-AgentHub-Dashboard|*" />
      <Deploy Solution="Debug-AgentHub-WebUI|*" />
      <Deploy Solution="Release|*" />
    </Project>
  </Folder>
  <Folder Name="/Tests/">
    <Project Path="Content/Tests/Presentation.FoundryHost.Tests/Presentation.FoundryHost.Tests.csproj">
      <BuildType Solution="Debug-AgentHub-All|*" Project="Debug" />
      <BuildType Solution="Debug-AgentHub-Dashboard|*" Project="Debug" />
      <BuildType Solution="Debug-AgentHub-WebUI|*" Project="Debug" />
    </Project>
    <Project Path="Content/Tests/Infrastructure.AI.Governance.Tests/Infrastructure.AI.Governance.Tests.csproj">
      <BuildType Solution="Debug-AgentHub-All|*" Project="Debug" />
      <BuildType Solution="Debug-AgentHub-Dashboard|*" Project="Debug" />
      <BuildType Solution="Debug-AgentHub-WebUI|*" Project="Debug" />
    </Project>
    <Project Path="Content/Tests/Application.AI.Common.Tests/Application.AI.Common.Tests.csproj">
      <BuildType Solution="Debug-AgentHub-All|*" Project="Debug" />
      <BuildType Solution="Debug-AgentHub-Dashboard|*" Project="Debug" />
      <BuildType Solution="Debug-AgentHub-WebUI|*" Project="Debug" />
    </Project>
    <Project Path="Content/Tests/Application.Common.Tests/Application.Common.Tests.csproj">
      <BuildType Solution="Debug-AgentHub-All|*" Project="Debug" />
      <BuildType Solution="Debug-AgentHub-Dashboard|*" Project="Debug" />
      <BuildType Solution="Debug-AgentHub-WebUI|*" Project="Debug" />
    </Project>
    <Project Path="Content/Tests/Application.Core.Tests/Application.Core.Tests.csproj">
      <BuildType Solution="Debug-AgentHub-All|*" Project="Debug" />
      <BuildType Solution="Debug-AgentHub-Dashboard|*" Project="Debug" />
      <BuildType Solution="Debug-AgentHub-WebUI|*" Project="Debug" />
    </Project>
    <Project Path="Content/Tests/Domain.AI.Tests/Domain.AI.Tests.csproj">
      <BuildType Solution="Debug-AgentHub-All|*" Project="Debug" />
      <BuildType Solution="Debug-AgentHub-Dashboard|*" Project="Debug" />
      <BuildType Solution="Debug-AgentHub-WebUI|*" Project="Debug" />
    </Project>
    <Project Path="Content/Tests/Domain.Common.Tests/Domain.Common.Tests.csproj">
      <BuildType Solution="Debug-AgentHub-All|*" Project="Debug" />
      <BuildType Solution="Debug-AgentHub-Dashboard|*" Project="Debug" />
      <BuildType Solution="Debug-AgentHub-WebUI|*" Project="Debug" />
    </Project>
    <Project Path="Content/Tests/Infrastructure.AI.Connectors.Tests/Infrastructure.AI.Connectors.Tests.csproj">
      <BuildType Solution="Debug-AgentHub-All|*" Project="Debug" />
      <BuildType Solution="Debug-AgentHub-Dashboard|*" Project="Debug" />
      <BuildType Solution="Debug-AgentHub-WebUI|*" Project="Debug" />
    </Project>
    <Project Path="Content/Tests/Infrastructure.AI.Evaluation.Tests/Infrastructure.AI.Evaluation.Tests.csproj">
      <BuildType Solution="Debug-AgentHub-All|*" Project="Debug" />
      <BuildType Solution="Debug-AgentHub-Dashboard|*" Project="Debug" />
      <BuildType Solution="Debug-AgentHub-WebUI|*" Project="Debug" />
    </Project>
    <Project Path="Content/Tests/Infrastructure.AI.KnowledgeGraph.Tests/Infrastructure.AI.KnowledgeGraph.Tests.csproj">
      <BuildType Solution="Debug-AgentHub-All|*" Project="Debug" />
      <BuildType Solution="Debug-AgentHub-Dashboard|*" Project="Debug" />
      <BuildType Solution="Debug-AgentHub-WebUI|*" Project="Debug" />
    </Project>
    <Project Path="Content/Tests/Infrastructure.AI.MCP.Tests/Infrastructure.AI.MCP.Tests.csproj">
      <BuildType Solution="Debug-AgentHub-All|*" Project="Debug" />
      <BuildType Solution="Debug-AgentHub-Dashboard|*" Project="Debug" />
      <BuildType Solution="Debug-AgentHub-WebUI|*" Project="Debug" />
    </Project>
    <Project Path="Content/Tests/Infrastructure.AI.MCPServer.Tests/Infrastructure.AI.MCPServer.Tests.csproj">
      <BuildType Solution="Debug-AgentHub-All|*" Project="Debug" />
      <BuildType Solution="Debug-AgentHub-Dashboard|*" Project="Debug" />
      <BuildType Solution="Debug-AgentHub-WebUI|*" Project="Debug" />
    </Project>
    <Project Path="Content/Tests/Infrastructure.AI.RAG.Tests/Infrastructure.AI.RAG.Tests.csproj">
      <BuildType Solution="Debug-AgentHub-All|*" Project="Debug" />
      <BuildType Solution="Debug-AgentHub-Dashboard|*" Project="Debug" />
      <BuildType Solution="Debug-AgentHub-WebUI|*" Project="Debug" />
    </Project>
    <Project Path="Content/Tests/Infrastructure.AI.Tests/Infrastructure.AI.Tests.csproj">
      <BuildType Solution="Debug-AgentHub-All|*" Project="Debug" />
      <BuildType Solution="Debug-AgentHub-Dashboard|*" Project="Debug" />
      <BuildType Solution="Debug-AgentHub-WebUI|*" Project="Debug" />
    </Project>
    <Project Path="Content/Tests/Infrastructure.APIAccess.Tests/Infrastructure.APIAccess.Tests.csproj">
      <BuildType Solution="Debug-AgentHub-All|*" Project="Debug" />
      <BuildType Solution="Debug-AgentHub-Dashboard|*" Project="Debug" />
      <BuildType Solution="Debug-AgentHub-WebUI|*" Project="Debug" />
    </Project>
    <Project Path="Content/Tests/Infrastructure.Common.Tests/Infrastructure.Common.Tests.csproj">
      <BuildType Solution="Debug-AgentHub-All|*" Project="Debug" />
      <BuildType Solution="Debug-AgentHub-Dashboard|*" Project="Debug" />
      <BuildType Solution="Debug-AgentHub-WebUI|*" Project="Debug" />
    </Project>
    <Project Path="Content/Tests/Infrastructure.Observability.Tests/Infrastructure.Observability.Tests.csproj">
      <BuildType Solution="Debug-AgentHub-All|*" Project="Debug" />
      <BuildType Solution="Debug-AgentHub-Dashboard|*" Project="Debug" />
      <BuildType Solution="Debug-AgentHub-WebUI|*" Project="Debug" />
    </Project>
    <Project Path="Content/Tests/Presentation.AgentHub.Tests/Presentation.AgentHub.Tests.csproj">
      <BuildType Solution="Debug-AgentHub-All|*" Project="Debug" />
      <BuildType Solution="Debug-AgentHub-Dashboard|*" Project="Debug" />
      <BuildType Solution="Debug-AgentHub-WebUI|*" Project="Debug" />
    </Project>
    <Project Path="Content/Tests/Presentation.Common.Tests/Presentation.Common.Tests.csproj">
      <BuildType Solution="Debug-AgentHub-All|*" Project="Debug" />
      <BuildType Solution="Debug-AgentHub-Dashboard|*" Project="Debug" />
      <BuildType Solution="Debug-AgentHub-WebUI|*" Project="Debug" />
    </Project>
  </Folder>
</Solution>
